
Microsoft Visual Studio Solution File, Format Version 12.00
# Visual Studio Version 17
VisualStudioVersion = 17.0.31903.59
MinimumVisualStudioVersion = 10.0.40219.1
Project("{2150E333-8FDC-42A3-9474-1A3956D46DE8}") = "src", "src", "{827E0CD3-B72D-47B6-A68D-7590B98EB39B}"
EndProject
Project("{2150E333-8FDC-42A3-9474-1A3956D46DE8}") = "BuildingBlocks", "BuildingBlocks", "{90298CBA-BD6F-3A0A-69D5-97CAD7B05E7E}"
EndProject
Project("{FAE04EC0-301F-11D3-BF4B-00C04F79EFBC}") = "TaskFlow.SharedKernel", "src\BuildingBlocks\TaskFlow.SharedKernel\TaskFlow.SharedKernel.csproj", "{C43C4981-307F-4382-B0B2-E5D3D7A16845}"
EndProject
Project("{FAE04EC0-301F-11D3-BF4B-00C04F79EFBC}") = "TaskFlow.Contracts", "src\BuildingBlocks\TaskFlow.Contracts\TaskFlow.Contracts.csproj", "{9E0F1B6D-F8CE-4677-8583-181B94918DE4}"
EndProject
Project("{FAE04EC0-301F-11D3-BF4B-00C04F79EFBC}") = "TaskFlow.Messaging", "src\BuildingBlocks\TaskFlow.Messaging\TaskFlow.Messaging.csproj", "{4FB94EAA-D697-4FF9-B09E-48072D8F598B}"
EndProject
Project("{FAE04EC0-301F-11D3-BF4B-00C04F79EFBC}") = "TaskFlow.Observability", "src\BuildingBlocks\TaskFlow.Observability\TaskFlow.Observability.csproj", "{91400543-B041-433E-A131-E7E266A97E59}"
EndProject
Project("{2150E333-8FDC-42A3-9474-1A3956D46DE8}") = "Services", "Services", "{984BB9B3-3FA3-BE33-9484-CAC21695A33C}"
EndProject
Project("{2150E333-8FDC-42A3-9474-1A3956D46DE8}") = "Tasks", "Tasks", "{B001434D-601A-2628-8B29-663CFC23A61E}"
EndProject
Project("{FAE04EC0-301F-11D3-BF4B-00C04F79EFBC}") = "TaskFlow.Tasks.Domain", "src\Services\Tasks\TaskFlow.Tasks.Domain\TaskFlow.Tasks.Domain.csproj", "{B58B8FCD-9CE6-42C0-BFF6-EC07D2EAE30E}"
EndProject
Project("{FAE04EC0-301F-11D3-BF4B-00C04F79EFBC}") = "TaskFlow.Tasks.Application", "src\Services\Tasks\TaskFlow.Tasks.Application\TaskFlow.Tasks.Application.csproj", "{97D930CC-0F23-42BF-9829-5DF5211B1627}"
EndProject
Project("{FAE04EC0-301F-11D3-BF4B-00C04F79EFBC}") = "TaskFlow.Tasks.Infrastructure", "src\Services\Tasks\TaskFlow.Tasks.Infrastructure\TaskFlow.Tasks.Infrastructure.csproj", "{618A9D6E-5E2D-48BC-B1B8-38334C17F8E7}"
EndProject
Project("{FAE04EC0-301F-11D3-BF4B-00C04F79EFBC}") = "TaskFlow.Tasks.Contracts", "src\Services\Tasks\TaskFlow.Tasks.Contracts\TaskFlow.Tasks.Contracts.csproj", "{49783D89-67C1-4A97-9E85-0BCF03A13ECC}"
EndProject
Project("{FAE04EC0-301F-11D3-BF4B-00C04F79EFBC}") = "TaskFlow.Tasks.Api", "src\Services\Tasks\TaskFlow.Tasks.Api\TaskFlow.Tasks.Api.csproj", "{605D08BB-2728-4B65-B6C7-9C4025EB1675}"
EndProject
Global
	GlobalSection(SolutionConfigurationPlatforms) = preSolution
		Debug|Any CPU = Debug|Any CPU
		Debug|x64 = Debug|x64
		Debug|x86 = Debug|x86
		Release|Any CPU = Release|Any CPU
		Release|x64 = Release|x64
		Release|x86 = Release|x86
	EndGlobalSection
	GlobalSection(ProjectConfigurationPlatforms) = postSolution
		{C43C4981-307F-4382-B0B2-E5D3D7A16845}.Debug|Any CPU.ActiveCfg = Debug|Any CPU
		{C43C4981-307F-4382-B0B2-E5D3D7A16845}.Debug|Any CPU.Build.0 = Debug|Any CPU
		{C43C4981-307F-4382-B0B2-E5D3D7A16845}.Debug|x64.ActiveCfg = Debug|Any CPU
		{C43C4981-307F-4382-B0B2-E5D3D7A16845}.Debug|x64.Build.0 = Debug|Any CPU
		{C43C4981-307F-4382-B0B2-E5D3D7A16845}.Debug|x86.ActiveCfg = Debug|Any CPU
		{C43C4981-307F-4382-B0B2-E5D3D7A16845}.Debug|x86.Build.0 = Debug|Any CPU
		{C43C4981-307F-4382-B0B2-E5D3D7A16845}.Release|Any CPU.ActiveCfg = Release|Any CPU
		{C43C4981-307F-4382-B0B2-E5D3D7A16845}.Release|Any CPU.Build.0 = Release|Any CPU
		{C43C4981-307F-4382-B0B2-E5D3D7A16845}.Release|x64.ActiveCfg = Release|Any CPU
		{C43C4981-307F-4382-B0B2-E5D3D7A16845}.Release|x64.Build.0 = Release|Any CPU
		{C43C4981-307F-4382-B0B2-E5D3D7A16845}.Release|x86.ActiveCfg = Release|Any CPU
		{C43C4981-307F-4382-B0B2-E5D3D7A16845}.Release|x86.Build.0 = Release|Any CPU
		{9E0F1B6D-F8CE-4677-8583-181B94918DE4}.Debug|Any CPU.ActiveCfg = Debug|Any CPU
		{9E0F1B6D-F8CE-4677-8583-181B94918DE4}.Debug|Any CPU.Build.0 = Debug|Any CPU
		{9E0F1B6D-F8CE-4677-8583-181B94918DE4}.Debug|x64.ActiveCfg = Debug|Any CPU
		{9E0F1B6D-F8CE-4677-8583-181B94918DE4}.Debug|x64.Build.0 = Debug|Any CPU
		{9E0F1B6D-F8CE-4677-8583-181B94918DE4}.Debug|x86.ActiveCfg = Debug|Any CPU
		{9E0F1B6D-F8CE-4677-8583-181B94918DE4}.Debug|x86.Build.0 = Debug|Any CPU
		{9E0F1B6D-F8CE-4677-8583-181B94918DE4}.Release|Any CPU.ActiveCfg = Release|Any CPU
		{9E0F1B6D-F8CE-4677-8583-181B94918DE4}.Release|Any CPU.Build.0 = Release|Any CPU
		{9E0F1B6D-F8CE-4677-8583-181B94918DE4}.Release|x64.ActiveCfg = Release|Any CPU
		{9E0F1B6D-F8CE-4677-8583-181B94918DE4}.Release|x64.Build.0 = Release|Any CPU
		{9E0F1B6D-F8CE-4677-8583-181B94918DE4}.Release|x86.ActiveCfg = Release|Any CPU
		{9E0F1B6D-F8CE-4677-8583-181B94918DE4}.Release|x86.Build.0 = Release|Any CPU
		{4FB94EAA-D697-4FF9-B09E-48072D8F598B}.Debug|Any CPU.ActiveCfg = Debug|Any CPU
		{4FB94EAA-D697-4FF9-B09E-48072D8F598B}.Debug|Any CPU.Build.0 = Debug|Any CPU
		{4FB94EAA-D697-4FF9-B09E-48072D8F598B}.Debug|x64.ActiveCfg = Debug|Any CPU
		{4FB94EAA-D697-4FF9-B09E-48072D8F598B}.Debug|x64.Build.0 = Debug|Any CPU
		{4FB94EAA-D697-4FF9-B09E-48072D8F598B}.Debug|x86.ActiveCfg = Debug|Any CPU
		{4FB94EAA-D697-4FF9-B09E-48072D8F598B}.Debug|x86.Build.0 = Debug|Any CPU
		{4FB94EAA-D697-4FF9-B09E-48072D8F598B}.Release|Any CPU.ActiveCfg = Release|Any CPU
		{4FB94EAA-D697-4FF9-B09E-48072D8F598B}.Release|Any CPU.Build.0 = Release|Any CPU
		{4FB94EAA-D697-4FF9-B09E-48072D8F598B}.Release|x64.ActiveCfg = Release|Any CPU
		{4FB94EAA-D697-4FF9-B09E-48072D8F598B}.Release|x64.Build.0 = Release|Any CPU
		{4FB94EAA-D697-4FF9-B09E-48072D8F598B}.Release|x86.ActiveCfg = Release|Any CPU
		{4FB94EAA-D697-4FF9-B09E-48072D8F598B}.Release|x86.Build.0 = Release|Any CPU
		{91400543-B041-433E-A131-E7E266A97E59}.Debug|Any CPU.ActiveCfg = Debug|Any CPU
		{91400543-B041-433E-A131-E7E266A97E59}.Debug|Any CPU.Build.0 = Debug|Any CPU
		{91400543-B041-433E-A131-E7E266A97E59}.Debug|x64.ActiveCfg = Debug|Any CPU
		{91400543-B041-433E-A131-E7E266A97E59}.Debug|x64.Build.0 = Debug|Any CPU
		{91400543-B041-433E-A131-E7E266A97E59}.Debug|x86.ActiveCfg = Debug|Any CPU
		{91400543-B041-433E-A131-E7E266A97E59}.Debug|x86.Build.0 = Debug|Any CPU
		{91400543-B041-433E-A131-E7E266A97E59}.Release|Any CPU.ActiveCfg = Release|Any CPU
		{91400543-B041-433E-A131-E7E266A97E59}.Release|Any CPU.Build.0 = Release|Any CPU
		{91400543-B041-433E-A131-E7E266A97E59}.Release|x64.ActiveCfg = Release|Any CPU
		{91400543-B041-433E-A131-E7E266A97E59}.Release|x64.Build.0 = Release|Any CPU
		{91400543-B041-433E-A131-E7E266A97E59}.Release|x86.ActiveCfg = Release|Any CPU
		{91400543-B041-433E-A131-E7E266A97E59}.Release|x86.Build.0 = Release|Any CPU
		{B58B8FCD-9CE6-42C0-BFF6-EC07D2EAE30E}.Debug|Any CPU.ActiveCfg = Debug|Any CPU
		{B58B8FCD-9CE6-42C0-BFF6-EC07D2EAE30E}.Debug|Any CPU.Build.0 = Debug|Any CPU
		{B58B8FCD-9CE6-42C0-BFF6-EC07D2EAE30E}.Debug|x64.ActiveCfg = Debug|Any CPU
		{B58B8FCD-9CE6-42C0-BFF6-EC07D2EAE30E}.Debug|x64.Build.0 = Debug|Any CPU
		{B58B8FCD-9CE6-42C0-BFF6-EC07D2EAE30E}.Debug|x86.ActiveCfg = Debug|Any CPU
		{B58B8FCD-9CE6-42C0-BFF6-EC07D2EAE30E}.Debug|x86.Build.0 = Debug|Any CPU
		{B58B8FCD-9CE6-42C0-BFF6-EC07D2EAE30E}.Release|Any CPU.ActiveCfg = Release|Any CPU
		{B58B8FCD-9CE6-42C0-BFF6-EC07D2EAE30E}.Release|Any CPU.Build.0 = Release|Any CPU
		{B58B8FCD-9CE6-42C0-BFF6-EC07D2EAE30E}.Release|x64.ActiveCfg = Release|Any CPU
		{B58B8FCD-9CE6-42C0-BFF6-EC07D2EAE30E}.Release|x64.Build.0 = Release|Any CPU
		{B58B8FCD-9CE6-42C0-BFF6-EC07D2EAE30E}.Release|x86.ActiveCfg = Release|Any CPU
		{B58B8FCD-9CE6-42C0-BFF6-EC07D2EAE30E}.Release|x86.Build.0 = Release|Any CPU
		{97D930CC-0F23-42BF-9829-5DF5211B1627}.Debug|Any CPU.ActiveCfg = Debug|Any CPU
		{97D930CC-0F23-42BF-9829-5DF5211B1627}.Debug|Any CPU.Build.0 = Debug|Any CPU
		{97D930CC-0F23-42BF-9829-5DF5211B1627}.Debug|x64.ActiveCfg = Debug|Any CPU
		{97D930CC-0F23-42BF-9829-5DF5211B1627}.Debug|x64.Build.0 = Debug|Any CPU
		{97D930CC-0F23-42BF-9829-5DF5211B1627}.Debug|x86.ActiveCfg = Debug|Any CPU
		{97D930CC-0F23-42BF-9829-5DF5211B1627}.Debug|x86.Build.0 = Debug|Any CPU
		{97D930CC-0F23-42BF-9829-5DF5211B1627}.Release|Any CPU.ActiveCfg = Release|Any CPU
		{97D930CC-0F23-42BF-9829-5DF5211B1627}.Release|Any CPU.Build.0 = Release|Any CPU
		{97D930CC-0F23-42BF-9829-5DF5211B1627}.Release|x64.ActiveCfg = Release|Any CPU
		{97D930CC-0F23-42BF-9829-5DF5211B1627}.Release|x64.Build.0 = Release|Any CPU
		{97D930CC-0F23-42BF-9829-5DF5211B1627}.Release|x86.ActiveCfg = Release|Any CPU
		{97D930CC-0F23-42BF-9829-5DF5211B1627}.Release|x86.Build.0 = Release|Any CPU
		{618A9D6E-5E2D-48BC-B1B8-38334C17F8E7}.Debug|Any CPU.ActiveCfg = Debug|Any CPU
		{618A9D6E-5E2D-48BC-B1B8-38334C17F8E7}.Debug|Any CPU.Build.0 = Debug|Any CPU
		{618A9D6E-5E2D-48BC-B1B8-38334C17F8E7}.Debug|x64.ActiveCfg = Debug|Any CPU
		{618A9D6E-5E2D-48BC-B1B8-38334C17F8E7}.Debug|x64.Build.0 = Debug|Any CPU
		{618A9D6E-5E2D-48BC-B1B8-38334C17F8E7}.Debug|x86.ActiveCfg = Debug|Any CPU
		{618A9D6E-5E2D-48BC-B1B8-38334C17F8E7}.Debug|x86.Build.0 = Debug|Any CPU
		{618A9D6E-5E2D-48BC-B1B8-38334C17F8E7}.Release|Any CPU.ActiveCfg = Release|Any CPU
		{618A9D6E-5E2D-48BC-B1B8-38334C17F8E7}.Release|Any CPU.Build.0 = Release|Any CPU
		{618A9D6E-5E2D-48BC-B1B8-38334C17F8E7}.Release|x64.ActiveCfg = Release|Any CPU
		{618A9D6E-5E2D-48BC-B1B8-38334C17F8E7}.Release|x64.Build.0 = Release|Any CPU
		{618A9D6E-5E2D-48BC-B1B8-38334C17F8E7}.Release|x86.ActiveCfg = Release|Any CPU
		{618A9D6E-5E2D-48BC-B1B8-38334C17F8E7}.Release|x86.Build.0 = Release|Any CPU
		{49783D89-67C1-4A97-9E85-0BCF03A13ECC}.Debug|Any CPU.ActiveCfg = Debug|Any CPU
		{49783D89-67C1-4A97-9E85-0BCF03A13ECC}.Debug|Any CPU.Build.0 = Debug|Any CPU
		{49783D89-67C1-4A97-9E85-0BCF03A13ECC}.Debug|x64.ActiveCfg = Debug|Any CPU
		{49783D89-67C1-4A97-9E85-0BCF03A13ECC}.Debug|x64.Build.0 = Debug|Any CPU
		{49783D89-67C1-4A97-9E85-0BCF03A13ECC}.Debug|x86.ActiveCfg = Debug|Any CPU
		{49783D89-67C1-4A97-9E85-0BCF03A13ECC}.Debug|x86.Build.0 = Debug|Any CPU
		{49783D89-67C1-4A97-9E85-0BCF03A13ECC}.Release|Any CPU.ActiveCfg = Release|Any CPU
		{49783D89-67C1-4A97-9E85-0BCF03A13ECC}.Release|Any CPU.Build.0 = Release|Any CPU
		{49783D89-67C1-4A97-9E85-0BCF03A13ECC}.Release|x64.ActiveCfg = Release|Any CPU
		{49783D89-67C1-4A97-9E85-0BCF03A13ECC}.Release|x64.Build.0 = Release|Any CPU
		{49783D89-67C1-4A97-9E85-0BCF03A13ECC}.Release|x86.ActiveCfg = Release|Any CPU
		{49783D89-67C1-4A97-9E85-0BCF03A13ECC}.Release|x86.Build.0 = Release|Any CPU
		{605D08BB-2728-4B65-B6C7-9C4025EB1675}.Debug|Any CPU.ActiveCfg = Debug|Any CPU
		{605D08BB-2728-4B65-B6C7-9C4025EB1675}.Debug|Any CPU.Build.0 = Debug|Any CPU
		{605D08BB-2728-4B65-B6C7-9C4025EB1675}.Debug|x64.ActiveCfg = Debug|Any CPU
		{605D08BB-2728-4B65-B6C7-9C4025EB1675}.Debug|x64.Build.0 = Debug|Any CPU
		{605D08BB-2728-4B65-B6C7-9C4025EB1675}.Debug|x86.ActiveCfg = Debug|Any CPU
		{605D08BB-2728-4B65-B6C7-9C4025EB1675}.Debug|x86.Build.0 = Debug|Any CPU
		{605D08BB-2728-4B65-B6C7-9C4025EB1675}.Release|Any CPU.ActiveCfg = Release|Any CPU
		{605D08BB-2728-4B65-B6C7-9C4025EB1675}.Release|Any CPU.Build.0 = Release|Any CPU
		{605D08BB-2728-4B65-B6C7-9C4025EB1675}.Release|x64.ActiveCfg = Release|Any CPU
		{605D08BB-2728-4B65-B6C7-9C4025EB1675}.Release|x64.Build.0 = Release|Any CPU
		{605D08BB-2728-4B65-B6C7-9C4025EB1675}.Release|x86.ActiveCfg = Release|Any CPU
		{605D08BB-2728-4B65-B6C7-9C4025EB1675}.Release|x86.Build.0 = Release|Any CPU
	EndGlobalSection
	GlobalSection(SolutionProperties) = preSolution
		HideSolutionNode = FALSE
	EndGlobalSection
	GlobalSection(NestedProjects) = preSolution
		{90298CBA-BD6F-3A0A-69D5-97CAD7B05E7E} = {827E0CD3-B72D-47B6-A68D-7590B98EB39B}
		{C43C4981-307F-4382-B0B2-E5D3D7A16845} = {90298CBA-BD6F-3A0A-69D5-97CAD7B05E7E}
		{9E0F1B6D-F8CE-4677-8583-181B94918DE4} = {90298CBA-BD6F-3A0A-69D5-97CAD7B05E7E}
		{4FB94EAA-D697-4FF9-B09E-48072D8F598B} = {90298CBA-BD6F-3A0A-69D5-97CAD7B05E7E}
		{91400543-B041-433E-A131-E7E266A97E59} = {90298CBA-BD6F-3A0A-69D5-97CAD7B05E7E}
		{984BB9B3-3FA3-BE33-9484-CAC21695A33C} = {827E0CD3-B72D-47B6-A68D-7590B98EB39B}
		{B001434D-601A-2628-8B29-663CFC23A61E} = {984BB9B3-3FA3-BE33-9484-CAC21695A33C}
		{B58B8FCD-9CE6-42C0-BFF6-EC07D2EAE30E} = {B001434D-601A-2628-8B29-663CFC23A61E}
		{97D930CC-0F23-42BF-9829-5DF5211B1627} = {B001434D-601A-2628-8B29-663CFC23A61E}
		{618A9D6E-5E2D-48BC-B1B8-38334C17F8E7} = {B001434D-601A-2628-8B29-663CFC23A61E}
		{49783D89-67C1-4A97-9E85-0BCF03A13ECC} = {B001434D-601A-2628-8B29-663CFC23A61E}
		{605D08BB-2728-4B65-B6C7-9C4025EB1675} = {B001434D-601A-2628-8B29-663CFC23A61E}
	EndGlobalSection
EndGlobal
